// !$*UTF8*$!
{
	archiveVersion = 1;
	classes = {
	};
	objectVersion = 46;
	objects = {

/* Begin PBXBuildFile section */
		A11C8F691D37C2F800FE06E4 /* Foundation.framework in Frameworks */ = {isa = PBXBuildFile; fileRef = A11C8F681D37C2F800FE06E4 /* Foundation.framework */; };
		A11C8F6B1D37C2F800FE06E4 /* CoreGraphics.framework in Frameworks */ = {isa = PBXBuildFile; fileRef = A11C8F6A1D37C2F800FE06E4 /* CoreGraphics.framework */; };
		A11C8F6D1D37C2F800FE06E4 /* UIKit.framework in Frameworks */ = {isa = PBXBuildFile; fileRef = A11C8F6C1D37C2F800FE06E4 /* UIKit.framework */; };
		A11C8F731D37C2F800FE06E4 /* InfoPlist.strings in Resources */ = {isa = PBXBuildFile; fileRef = A11C8F711D37C2F800FE06E4 /* InfoPlist.strings */; };
		A11C8F751D37C2F800FE06E4 /* main.m in Sources */ = {isa = PBXBuildFile; fileRef = A11C8F741D37C2F800FE06E4 /* main.m */; };
		A11C8F791D37C2F800FE06E4 /* AppDelegate.m in Sources */ = {isa = PBXBuildFile; fileRef = A11C8F781D37C2F800FE06E4 /* AppDelegate.m */; };
		A11C8F7C1D37C2F800FE06E4 /* Main.storyboard in Resources */ = {isa = PBXBuildFile; fileRef = A11C8F7A1D37C2F800FE06E4 /* Main.storyboard */; };
		A11C8F7F1D37C2F800FE06E4 /* ViewController.m in Sources */ = {isa = PBXBuildFile; fileRef = A11C8F7E1D37C2F800FE06E4 /* ViewController.m */; };
		A11C8F811D37C2F800FE06E4 /* Images.xcassets in Resources */ = {isa = PBXBuildFile; fileRef = A11C8F801D37C2F800FE06E4 /* Images.xcassets */; };
		A11C8F881D37C2F800FE06E4 /* XCTest.framework in Frameworks */ = {isa = PBXBuildFile; fileRef = A11C8F871D37C2F800FE06E4 /* XCTest.framework */; };
		A11C8F891D37C2F800FE06E4 /* Foundation.framework in Frameworks */ = {isa = PBXBuildFile; fileRef = A11C8F681D37C2F800FE06E4 /* Foundation.framework */; };
		A11C8F8A1D37C2F800FE06E4 /* UIKit.framework in Frameworks */ = {isa = PBXBuildFile; fileRef = A11C8F6C1D37C2F800FE06E4 /* UIKit.framework */; };
		A11C8F921D37C2F800FE06E4 /* InfoPlist.strings in Resources */ = {isa = PBXBuildFile; fileRef = A11C8F901D37C2F800FE06E4 /* InfoPlist.strings */; };
		A11C8F941D37C2F800FE06E4 /* simpleTableTests.m in Sources */ = {isa = PBXBuildFile; fileRef = A11C8F931D37C2F800FE06E4 /* simpleTableTests.m */; };
		A13325D01D38B7AF004C3B33 /* NewViewController.m in Sources */ = {isa = PBXBuildFile; fileRef = A13325CF1D38B7AF004C3B33 /* NewViewController.m */; };
		A13325D61D38B9F7004C3B33 /* AddViewController.m in Sources */ = {isa = PBXBuildFile; fileRef = A13325D51D38B9F7004C3B33 /* AddViewController.m */; };
		A1AF44DD1D37E5E200777D79 /* Languages.m in Sources */ = {isa = PBXBuildFile; fileRef = A1AF44DC1D37E5E200777D79 /* Languages.m */; };
		A1AF45021D37E9C100777D79 /* java.jpg in Resources */ = {isa = PBXBuildFile; fileRef = A1AF45011D37E9C100777D79 /* java.jpg */; };
		A1AF45041D37E9DA00777D79 /* go.jpg in Resources */ = {isa = PBXBuildFile; fileRef = A1AF45031D37E9DA00777D79 /* go.jpg */; };
		A1AF45061D37EA0D00777D79 /* python.jpg in Resources */ = {isa = PBXBuildFile; fileRef = A1AF45051D37EA0D00777D79 /* python.jpg */; };
		A1AF45081D37EA2B00777D79 /* ios.jpg.png in Resources */ = {isa = PBXBuildFile; fileRef = A1AF45071D37EA2B00777D79 /* ios.jpg.png */; };
/* End PBXBuildFile section */

/* Begin PBXContainerItemProxy section */
		A11C8F8B1D37C2F800FE06E4 /* PBXContainerItemProxy */ = {
			isa = PBXContainerItemProxy;
			containerPortal = A11C8F5D1D37C2F800FE06E4 /* Project object */;
			proxyType = 1;
			remoteGlobalIDString = A11C8F641D37C2F800FE06E4;
			remoteInfo = simpleTable;
		};
/* End PBXContainerItemProxy section */

/* Begin PBXFileReference section */
		A11C8F651D37C2F800FE06E4 /* simpleTable.app */ = {isa = PBXFileReference; explicitFileType = wrapper.application; includeInIndex = 0; path = simpleTable.app; sourceTree = BUILT_PRODUCTS_DIR; };
		A11C8F681D37C2F800FE06E4 /* Foundation.framework */ = {isa = PBXFileReference; lastKnownFileType = wrapper.framework; name = Foundation.framework; path = System/Library/Frameworks/Foundation.framework; sourceTree = SDKROOT; };
		A11C8F6A1D37C2F800FE06E4 /* CoreGraphics.framework */ = {isa = PBXFileReference; lastKnownFileType = wrapper.framework; name = CoreGraphics.framework; path = System/Library/Frameworks/CoreGraphics.framework; sourceTree = SDKROOT; };
		A11C8F6C1D37C2F800FE06E4 /* UIKit.framework */ = {isa = PBXFileReference; lastKnownFileType = wrapper.framework; name = UIKit.framework; path = System/Library/Frameworks/UIKit.framework; sourceTree = SDKROOT; };
		A11C8F701D37C2F800FE06E4 /* simpleTable-Info.plist */ = {isa = PBXFileReference; lastKnownFileType = text.plist.xml; path = "simpleTable-Info.plist"; sourceTree = "<group>"; };
		A11C8F721D37C2F800FE06E4 /* en */ = {isa = PBXFileReference; lastKnownFileType = text.plist.strings; name = en; path = en.lproj/InfoPlist.strings; sourceTree = "<group>"; };
		A11C8F741D37C2F800FE06E4 /* main.m */ = {isa = PBXFileReference; lastKnownFileType = sourcecode.c.objc; path = main.m; sourceTree = "<group>"; };
		A11C8F761D37C2F800FE06E4 /* simpleTable-Prefix.pch */ = {isa = PBXFileReference; lastKnownFileType = sourcecode.c.h; path = "simpleTable-Prefix.pch"; sourceTree = "<group>"; };
		A11C8F771D37C2F800FE06E4 /* AppDelegate.h */ = {isa = PBXFileReference; lastKnownFileType = sourcecode.c.h; path = AppDelegate.h; sourceTree = "<group>"; };
		A11C8F781D37C2F800FE06E4 /* AppDelegate.m */ = {isa = PBXFileReference; lastKnownFileType = sourcecode.c.objc; path = AppDelegate.m; sourceTree = "<group>"; };
		A11C8F7B1D37C2F800FE06E4 /* Base */ = {isa = PBXFileReference; lastKnownFileType = file.storyboard; name = Base; path = Base.lproj/Main.storyboard; sourceTree = "<group>"; };
		A11C8F7D1D37C2F800FE06E4 /* ViewController.h */ = {isa = PBXFileReference; lastKnownFileType = sourcecode.c.h; path = ViewController.h; sourceTree = "<group>"; };
		A11C8F7E1D37C2F800FE06E4 /* ViewController.m */ = {isa = PBXFileReference; lastKnownFileType = sourcecode.c.objc; path = ViewController.m; sourceTree = "<group>"; };
		A11C8F801D37C2F800FE06E4 /* Images.xcassets */ = {isa = PBXFileReference; lastKnownFileType = folder.assetcatalog; path = Images.xcassets; sourceTree = "<group>"; };
		A11C8F861D37C2F800FE06E4 /* simpleTableTests.xctest */ = {isa = PBXFileReference; explicitFileType = wrapper.cfbundle; includeInIndex = 0; path = simpleTableTests.xctest; sourceTree = BUILT_PRODUCTS_DIR; };
		A11C8F871D37C2F800FE06E4 /* XCTest.framework */ = {isa = PBXFileReference; lastKnownFileType = wrapper.framework; name = XCTest.framework; path = Library/Frameworks/XCTest.framework; sourceTree = DEVELOPER_DIR; };
		A11C8F8F1D37C2F800FE06E4 /* simpleTableTests-Info.plist */ = {isa = PBXFileReference; lastKnownFileType = text.plist.xml; path = "simpleTableTests-Info.plist"; sourceTree = "<group>"; };
		A11C8F911D37C2F800FE06E4 /* en */ = {isa = PBXFileReference; lastKnownFileType = text.plist.strings; name = en; path = en.lproj/InfoPlist.strings; sourceTree = "<group>"; };
		A11C8F931D37C2F800FE06E4 /* simpleTableTests.m */ = {isa = PBXFileReference; lastKnownFileType = sourcecode.c.objc; path = simpleTableTests.m; sourceTree = "<group>"; };
		A13325CE1D38B7AF004C3B33 /* NewViewController.h */ = {isa = PBXFileReference; fileEncoding = 4; lastKnownFileType = sourcecode.c.h; path = NewViewController.h; sourceTree = "<group>"; };
		A13325CF1D38B7AF004C3B33 /* NewViewController.m */ = {isa = PBXFileReference; fileEncoding = 4; lastKnownFileType = sourcecode.c.objc; path = NewViewController.m; sourceTree = "<group>"; };
		A13325D41D38B9F7004C3B33 /* AddViewController.h */ = {isa = PBXFileReference; fileEncoding = 4; lastKnownFileType = sourcecode.c.h; path = AddViewController.h; sourceTree = "<group>"; };
		A13325D51D38B9F7004C3B33 /* AddViewController.m */ = {isa = PBXFileReference; fileEncoding = 4; lastKnownFileType = sourcecode.c.objc; path = AddViewController.m; sourceTree = "<group>"; };
		A1AF44DB1D37E5E200777D79 /* Languages.h */ = {isa = PBXFileReference; fileEncoding = 4; lastKnownFileType = sourcecode.c.h; name = Languages.h; path = Models/Languages.h; sourceTree = "<group>"; };
		A1AF44DC1D37E5E200777D79 /* Languages.m */ = {isa = PBXFileReference; fileEncoding = 4; lastKnownFileType = sourcecode.c.objc; name = Languages.m; path = Models/Languages.m; sourceTree = "<group>"; };
		A1AF45011D37E9C100777D79 /* java.jpg */ = {isa = PBXFileReference; lastKnownFileType = image.jpeg; path = java.jpg; sourceTree = "<group>"; };
		A1AF45031D37E9DA00777D79 /* go.jpg */ = {isa = PBXFileReference; lastKnownFileType = image.jpeg; path = go.jpg; sourceTree = "<group>"; };
		A1AF45051D37EA0D00777D79 /* python.jpg */ = {isa = PBXFileReference; lastKnownFileType = image.jpeg; path = python.jpg; sourceTree = "<group>"; };
		A1AF45071D37EA2B00777D79 /* ios.jpg.png */ = {isa = PBXFileReference; lastKnownFileType = image.png; path = ios.jpg.png; sourceTree = "<group>"; };
/* End PBXFileReference section */

/* Begin PBXFrameworksBuildPhase section */
		A11C8F621D37C2F800FE06E4 /* Frameworks */ = {
			isa = PBXFrameworksBuildPhase;
			buildActionMask = 2147483647;
			files = (
				A11C8F6B1D37C2F800FE06E4 /* CoreGraphics.framework in Frameworks */,
				A11C8F6D1D37C2F800FE06E4 /* UIKit.framework in Frameworks */,
				A11C8F691D37C2F800FE06E4 /* Foundation.framework in Frameworks */,
			);
			runOnlyForDeploymentPostprocessing = 0;
		};
		A11C8F831D37C2F800FE06E4 /* Frameworks */ = {
			isa = PBXFrameworksBuildPhase;
			buildActionMask = 2147483647;
			files = (
				A11C8F881D37C2F800FE06E4 /* XCTest.framework in Frameworks */,
				A11C8F8A1D37C2F800FE06E4 /* UIKit.framework in Frameworks */,
				A11C8F891D37C2F800FE06E4 /* Foundation.framework in Frameworks */,
			);
			runOnlyForDeploymentPostprocessing = 0;
		};
/* End PBXFrameworksBuildPhase section */

/* Begin PBXGroup section */
		A11C8F5C1D37C2F800FE06E4 = {
			isa = PBXGroup;
			children = (
				A11C8F6E1D37C2F800FE06E4 /* simpleTable */,
				A11C8F8D1D37C2F800FE06E4 /* simpleTableTests */,
				A11C8F671D37C2F800FE06E4 /* Frameworks */,
				A11C8F661D37C2F800FE06E4 /* Products */,
			);
			sourceTree = "<group>";
		};
		A11C8F661D37C2F800FE06E4 /* Products */ = {
			isa = PBXGroup;
			children = (
				A11C8F651D37C2F800FE06E4 /* simpleTable.app */,
				A11C8F861D37C2F800FE06E4 /* simpleTableTests.xctest */,
			);
			name = Products;
			sourceTree = "<group>";
		};
		A11C8F671D37C2F800FE06E4 /* Frameworks */ = {
			isa = PBXGroup;
			children = (
				A11C8F681D37C2F800FE06E4 /* Foundation.framework */,
				A11C8F6A1D37C2F800FE06E4 /* CoreGraphics.framework */,
				A11C8F6C1D37C2F800FE06E4 /* UIKit.framework */,
				A11C8F871D37C2F800FE06E4 /* XCTest.framework */,
			);
			name = Frameworks;
			sourceTree = "<group>";
		};
		A11C8F6E1D37C2F800FE06E4 /* simpleTable */ = {
			isa = PBXGroup;
			children = (
				A1AF45071D37EA2B00777D79 /* ios.jpg.png */,
				A1AF45051D37EA0D00777D79 /* python.jpg */,
				A1AF45031D37E9DA00777D79 /* go.jpg */,
				A1AF45011D37E9C100777D79 /* java.jpg */,
				A11C8F771D37C2F800FE06E4 /* AppDelegate.h */,
				A11C8F781D37C2F800FE06E4 /* AppDelegate.m */,
				A11C8F7A1D37C2F800FE06E4 /* Main.storyboard */,
				A13325CE1D38B7AF004C3B33 /* NewViewController.h */,
				A13325CF1D38B7AF004C3B33 /* NewViewController.m */,
				A11C8F7D1D37C2F800FE06E4 /* ViewController.h */,
				A11C8F7E1D37C2F800FE06E4 /* ViewController.m */,
				A1AF44DB1D37E5E200777D79 /* Languages.h */,
				A1AF44DC1D37E5E200777D79 /* Languages.m */,
				A11C8F801D37C2F800FE06E4 /* Images.xcassets */,
				A11C8F6F1D37C2F800FE06E4 /* Supporting Files */,
				A13325D41D38B9F7004C3B33 /* AddViewController.h */,
				A13325D51D38B9F7004C3B33 /* AddViewController.m */,
			);
			path = simpleTable;
			sourceTree = "<group>";
		};
		A11C8F6F1D37C2F800FE06E4 /* Supporting Files */ = {
			isa = PBXGroup;
			children = (
				A11C8F701D37C2F800FE06E4 /* simpleTable-Info.plist */,
				A11C8F711D37C2F800FE06E4 /* InfoPlist.strings */,
				A11C8F741D37C2F800FE06E4 /* main.m */,
				A11C8F761D37C2F800FE06E4 /* simpleTable-Prefix.pch */,
			);
			name = "Supporting Files";
			sourceTree = "<group>";
		};
		A11C8F8D1D37C2F800FE06E4 /* simpleTableTests */ = {
			isa = PBXGroup;
			children = (
				A11C8F931D37C2F800FE06E4 /* simpleTableTests.m */,
				A11C8F8E1D37C2F800FE06E4 /* Supporting Files */,
			);
			path = simpleTableTests;
			sourceTree = "<group>";
		};
		A11C8F8E1D37C2F800FE06E4 /* Supporting Files */ = {
			isa = PBXGroup;
			children = (
				A11C8F8F1D37C2F800FE06E4 /* simpleTableTests-Info.plist */,
				A11C8F901D37C2F800FE06E4 /* InfoPlist.strings */,
			);
			name = "Supporting Files";
			sourceTree = "<group>";
		};
/* End PBXGroup section */

/* Begin PBXNativeTarget section */
		A11C8F641D37C2F800FE06E4 /* simpleTable */ = {
			isa = PBXNativeTarget;
			buildConfigurationList = A11C8F971D37C2F800FE06E4 /* Build configuration list for PBXNativeTarget "simpleTable" */;
			buildPhases = (
				A11C8F611D37C2F800FE06E4 /* Sources */,
				A11C8F621D37C2F800FE06E4 /* Frameworks */,
				A11C8F631D37C2F800FE06E4 /* Resources */,
			);
			buildRules = (
			);
			dependencies = (
			);
			name = simpleTable;
			productName = simpleTable;
			productReference = A11C8F651D37C2F800FE06E4 /* simpleTable.app */;
			productType = "com.apple.product-type.application";
		};
		A11C8F851D37C2F800FE06E4 /* simpleTableTests */ = {
			isa = PBXNativeTarget;
			buildConfigurationList = A11C8F9A1D37C2F800FE06E4 /* Build configuration list for PBXNativeTarget "simpleTableTests" */;
			buildPhases = (
				A11C8F821D37C2F800FE06E4 /* Sources */,
				A11C8F831D37C2F800FE06E4 /* Frameworks */,
				A11C8F841D37C2F800FE06E4 /* Resources */,
			);
			buildRules = (
			);
			dependencies = (
				A11C8F8C1D37C2F800FE06E4 /* PBXTargetDependency */,
			);
			name = simpleTableTests;
			productName = simpleTableTests;
			productReference = A11C8F861D37C2F800FE06E4 /* simpleTableTests.xctest */;
			productType = "com.apple.product-type.bundle.unit-test";
		};
/* End PBXNativeTarget section */

/* Begin PBXProject section */
		A11C8F5D1D37C2F800FE06E4 /* Project object */ = {
			isa = PBXProject;
			attributes = {
				LastUpgradeCheck = 0500;
				ORGANIZATIONNAME = strathmore;
				TargetAttributes = {
					A11C8F851D37C2F800FE06E4 = {
						TestTargetID = A11C8F641D37C2F800FE06E4;
					};
				};
			};
			buildConfigurationList = A11C8F601D37C2F800FE06E4 /* Build configuration list for PBXProject "simpleTable" */;
			compatibilityVersion = "Xcode 3.2";
			developmentRegion = English;
			hasScannedForEncodings = 0;
			knownRegions = (
				en,
				Base,
			);
			mainGroup = A11C8F5C1D37C2F800FE06E4;
			productRefGroup = A11C8F661D37C2F800FE06E4 /* Products */;
			projectDirPath = "";
			projectRoot = "";
			targets = (
				A11C8F641D37C2F800FE06E4 /* simpleTable */,
				A11C8F851D37C2F800FE06E4 /* simpleTableTests */,
			);
		};
/* End PBXProject section */

/* Begin PBXResourcesBuildPhase section */
		A11C8F631D37C2F800FE06E4 /* Resources */ = {
			isa = PBXResourcesBuildPhase;
			buildActionMask = 2147483647;
			files = (
				A1AF45041D37E9DA00777D79 /* go.jpg in Resources */,
				A11C8F811D37C2F800FE06E4 /* Images.xcassets in Resources */,
				A1AF45021D37E9C100777D79 /* java.jpg in Resources */,
				A11C8F731D37C2F800FE06E4 /* InfoPlist.strings in Resources */,
				A1AF45081D37EA2B00777D79 /* ios.jpg.png in Resources */,
				A11C8F7C1D37C2F800FE06E4 /* Main.storyboard in Resources */,
				A1AF45061D37EA0D00777D79 /* python.jpg in Resources */,
			);
			runOnlyForDeploymentPostprocessing = 0;
		};
		A11C8F841D37C2F800FE06E4 /* Resources */ = {
			isa = PBXResourcesBuildPhase;
			buildActionMask = 2147483647;
			files = (
				A11C8F921D37C2F800FE06E4 /* InfoPlist.strings in Resources */,
			);
			runOnlyForDeploymentPostprocessing = 0;
		};
/* End PBXResourcesBuildPhase section */

/* Begin PBXSourcesBuildPhase section */
		A11C8F611D37C2F800FE06E4 /* Sources */ = {
			isa = PBXSourcesBuildPhase;
			buildActionMask = 2147483647;
			files = (
				A11C8F7F1D37C2F800FE06E4 /* ViewController.m in Sources */,
				A1AF44DD1D37E5E200777D79 /* Languages.m in Sources */,
				A13325D61D38B9F7004C3B33 /* AddViewController.m in Sources */,
				A13325D01D38B7AF004C3B33 /* NewViewController.m in Sources */,
				A11C8F791D37C2F800FE06E4 /* AppDelegate.m in Sources */,
				A11C8F751D37C2F800FE06E4 /* main.m in Sources */,
			);
			runOnlyForDeploymentPostprocessing = 0;
		};
		A11C8F821D37C2F800FE06E4 /* Sources */ = {
			isa = PBXSourcesBuildPhase;
			buildActionMask = 2147483647;
			files = (
				A11C8F941D37C2F800FE06E4 /* simpleTableTests.m in Sources */,
			);
			runOnlyForDeploymentPostprocessing = 0;
		};
/* End PBXSourcesBuildPhase section */

/* Begin PBXTargetDependency section */
		A11C8F8C1D37C2F800FE06E4 /* PBXTargetDependency */ = {
			isa = PBXTargetDependency;
			target = A11C8F641D37C2F800FE06E4 /* simpleTable */;
			targetProxy = A11C8F8B1D37C2F800FE06E4 /* PBXContainerItemProxy */;
		};
/* End PBXTargetDependency section */

/* Begin PBXVariantGroup section */
		A11C8F711D37C2F800FE06E4 /* InfoPlist.strings */ = {
			isa = PBXVariantGroup;
			children = (
				A11C8F721D37C2F800FE06E4 /* en */,
			);
			name = InfoPlist.strings;
			sourceTree = "<group>";
		};
		A11C8F7A1D37C2F800FE06E4 /* Main.storyboard */ = {
			isa = PBXVariantGroup;
			children = (
				A11C8F7B1D37C2F800FE06E4 /* Base */,
			);
			name = Main.storyboard;
			sourceTree = "<group>";
		};
		A11C8F901D37C2F800FE06E4 /* InfoPlist.strings */ = {
			isa = PBXVariantGroup;
			children = (
				A11C8F911D37C2F800FE06E4 /* en */,
			);
			name = InfoPlist.strings;
			sourceTree = "<group>";
		};
/* End PBXVariantGroup section */

/* Begin XCBuildConfiguration section */
		A11C8F951D37C2F800FE06E4 /* Debug */ = {
			isa = XCBuildConfiguration;
			buildSettings = {
				ALWAYS_SEARCH_USER_PATHS = NO;
				ARCHS = "$(ARCHS_STANDARD_INCLUDING_64_BIT)";
				CLANG_CXX_LANGUAGE_STANDARD = "gnu++0x";
				CLANG_CXX_LIBRARY = "libc++";
				CLANG_ENABLE_MODULES = YES;
				CLANG_ENABLE_OBJC_ARC = YES;
				CLANG_WARN_BOOL_CONVERSION = YES;
				CLANG_WARN_CONSTANT_CONVERSION = YES;
				CLANG_WARN_DIRECT_OBJC_ISA_USAGE = YES_ERROR;
				CLANG_WARN_EMPTY_BODY = YES;
				CLANG_WARN_ENUM_CONVERSION = YES;
				CLANG_WARN_INT_CONVERSION = YES;
				CLANG_WARN_OBJC_ROOT_CLASS = YES_ERROR;
				CLANG_WARN__DUPLICATE_METHOD_MATCH = YES;
				"CODE_SIGN_IDENTITY[sdk=iphoneos*]" = "iPhone Developer";
				COPY_PHASE_STRIP = NO;
				GCC_C_LANGUAGE_STANDARD = gnu99;
				GCC_DYNAMIC_NO_PIC = NO;
				GCC_OPTIMIZATION_LEVEL = 0;
				GCC_PREPROCESSOR_DEFINITIONS = (
					"DEBUG=1",
					"$(inherited)",
				);
				GCC_SYMBOLS_PRIVATE_EXTERN = NO;
				GCC_WARN_64_TO_32_BIT_CONVERSION = YES;
				GCC_WARN_ABOUT_RETURN_TYPE = YES_ERROR;
				GCC_WARN_UNDECLARED_SELECTOR = YES;
				GCC_WARN_UNINITIALIZED_AUTOS = YES;
				GCC_WARN_UNUSED_FUNCTION = YES;
				GCC_WARN_UNUSED_VARIABLE = YES;
				IPHONEOS_DEPLOYMENT_TARGET = 7.0;
				ONLY_ACTIVE_ARCH = YES;
				SDKROOT = iphoneos;
			};
			name = Debug;
		};
		A11C8F961D37C2F800FE06E4 /* Release */ = {
			isa = XCBuildConfiguration;
			buildSettings = {
				ALWAYS_SEARCH_USER_PATHS = NO;
				ARCHS = "$(ARCHS_STANDARD_INCLUDING_64_BIT)";
				CLANG_CXX_LANGUAGE_STANDARD = "gnu++0x";
				CLANG_CXX_LIBRARY = "libc++";
				CLANG_ENABLE_MODULES = YES;
				CLANG_ENABLE_OBJC_ARC = YES;
				CLANG_WARN_BOOL_CONVERSION = YES;
				CLANG_WARN_CONSTANT_CONVERSION = YES;
				CLANG_WARN_DIRECT_OBJC_ISA_USAGE = YES_ERROR;
				CLANG_WARN_EMPTY_BODY = YES;
				CLANG_WARN_ENUM_CONVERSION = YES;
				CLANG_WARN_INT_CONVERSION = YES;
				CLANG_WARN_OBJC_ROOT_CLASS = YES_ERROR;
				CLANG_WARN__DUPLICATE_METHOD_MATCH = YES;
				"CODE_SIGN_IDENTITY[sdk=iphoneos*]" = "iPhone Developer";
				COPY_PHASE_STRIP = YES;
				ENABLE_NS_ASSERTIONS = NO;
				GCC_C_LANGUAGE_STANDARD = gnu99;
				GCC_WARN_64_TO_32_BIT_CONVERSION = YES;
				GCC_WARN_ABOUT_RETURN_TYPE = YES_ERROR;
				GCC_WARN_UNDECLARED_SELECTOR = YES;
				GCC_WARN_UNINITIALIZED_AUTOS = YES;
				GCC_WARN_UNUSED_FUNCTION = YES;
				GCC_WARN_UNUSED_VARIABLE = YES;
				IPHONEOS_DEPLOYMENT_TARGET = 7.0;
				SDKROOT = iphoneos;
				VALIDATE_PRODUCT = YES;
			};
			name = Release;
		};
		A11C8F981D37C2F800FE06E4 /* Debug */ = {
			isa = XCBuildConfiguration;
			buildSettings = {
				ASSETCATALOG_COMPILER_APPICON_NAME = AppIcon;
				ASSETCATALOG_COMPILER_LAUNCHIMAGE_NAME = LaunchImage;
				GCC_PRECOMPILE_PREFIX_HEADER = YES;
				GCC_PREFIX_HEADER = "simpleTable/simpleTable-Prefix.pch";
				INFOPLIST_FILE = "simpleTable/simpleTable-Info.plist";
				PRODUCT_NAME = "$(TARGET_NAME)";
				WRAPPER_EXTENSION = app;
			};
			name = Debug;
		};
		A11C8F991D37C2F800FE06E4 /* Release */ = {
			isa = XCBuildConfiguration;
			buildSettings = {
				ASSETCATALOG_COMPILER_APPICON_NAME = AppIcon;
				ASSETCATALOG_COMPILER_LAUNCHIMAGE_NAME = LaunchImage;
				GCC_PRECOMPILE_PREFIX_HEADER = YES;
				GCC_PREFIX_HEADER = "simpleTable/simpleTable-Prefix.pch";
				INFOPLIST_FILE = "simpleTable/simpleTable-Info.plist";
				PRODUCT_NAME = "$(TARGET_NAME)";
				WRAPPER_EXTENSION = app;
			};
			name = Release;
		};
		A11C8F9B1D37C2F800FE06E4 /* Debug */ = {
			isa = XCBuildConfiguration;
			buildSettings = {
				ARCHS = "$(ARCHS_STANDARD_INCLUDING_64_BIT)";
				BUNDLE_LOADER = "$(BUILT_PRODUCTS_DIR)/simpleTable.app/simpleTable";
				FRAMEWORK_SEARCH_PATHS = (
					"$(SDKROOT)/Developer/Library/Frameworks",
					"$(inherited)",
					"$(DEVELOPER_FRAMEWORKS_DIR)",
				);
				GCC_PRECOMPILE_PREFIX_HEADER = YES;
				GCC_PREFIX_HEADER = "simpleTable/simpleTable-Prefix.pch";
				GCC_PREPROCESSOR_DEFINITIONS = (
					"DEBUG=1",
					"$(inherited)",
				);
				INFOPLIST_FILE = "simpleTableTests/simpleTableTests-Info.plist";
				PRODUCT_NAME = "$(TARGET_NAME)";
				TEST_HOST = "$(BUNDLE_LOADER)";
				WRAPPER_EXTENSION = xctest;
			};
			name = Debug;
		};
		A11C8F9C1D37C2F800FE06E4 /* Release */ = {
			isa = XCBuildConfiguration;
			buildSettings = {
				ARCHS = "$(ARCHS_STANDARD_INCLUDING_64_BIT)";
				BUNDLE_LOADER = "$(BUILT_PRODUCTS_DIR)/simpleTable.app/simpleTable";
				FRAMEWORK_SEARCH_PATHS = (
					"$(SDKROOT)/Developer/Library/Frameworks",
					"$(inherited)",
					"$(DEVELOPER_FRAMEWORKS_DIR)",
				);
				GCC_PRECOMPILE_PREFIX_HEADER = YES;
				GCC_PREFIX_HEADER = "simpleTable/simpleTable-Prefix.pch";
				INFOPLIST_FILE = "simpleTableTests/simpleTableTests-Info.plist";
				PRODUCT_NAME = "$(TARGET_NAME)";
				TEST_HOST = "$(BUNDLE_LOADER)";
				WRAPPER_EXTENSION = xctest;
			};
			name = Release;
		};
/* End XCBuildConfiguration section */

/* Begin XCConfigurationList section */
		A11C8F601D37C2F800FE06E4 /* Build configuration list for PBXProject "simpleTable" */ = {
			isa = XCConfigurationList;
			buildConfigurations = (
				A11C8F951D37C2F800FE06E4 /* Debug */,
				A11C8F961D37C2F800FE06E4 /* Release */,
			);
			defaultConfigurationIsVisible = 0;
			defaultConfigurationName = Release;
		};
		A11C8F971D37C2F800FE06E4 /* Build configuration list for PBXNativeTarget "simpleTable" */ = {
			isa = XCConfigurationList;
			buildConfigurations = (
				A11C8F981D37C2F800FE06E4 /* Debug */,
				A11C8F991D37C2F800FE06E4 /* Release */,
			);
			defaultConfigurationIsVisible = 0;
			defaultConfigurationName = Release;
		};
		A11C8F9A1D37C2F800FE06E4 /* Build configuration list for PBXNativeTarget "simpleTableTests" */ = {
			isa = XCConfigurationList;
			buildConfigurations = (
				A11C8F9B1D37C2F800FE06E4 /* Debug */,
				A11C8F9C1D37C2F800FE06E4 /* Release */,
			);
			defaultConfigurationIsVisible = 0;
			defaultConfigurationName = Release;
		};
/* End XCConfigurationList section */
	};
	rootObject = A11C8F5D1D37C2F800FE06E4 /* Project object */;
}
